# This file is @generated by PDM.
# It is not intended for manual editing.

[metadata]
groups = ["default", "dev"]
strategy = ["cross_platform"]
lock_version = "4.4"
content_hash = "sha256:9e102fd968c1b30036ce15ea6fef4ad8213e427d2695f4c6b399573e3ccab229"

[[package]]
name = "attrs"
version = "23.1.0"
requires_python = ">=3.7"
summary = "Classes Without Boilerplate"
files = [
    {file = "attrs-23.1.0-py3-none-any.whl", hash = "sha256:1f28b4522cdc2fb4256ac1a020c78acf9cba2c6b461ccd2c126f3aa8e8335d04"},
    {file = "attrs-23.1.0.tar.gz", hash = "sha256:6279836d581513a26f1bf235f9acd333bc9115683f14f7e8fae46c98fc50e015"},
]

[[package]]
name = "cattrs"
version = "23.1.2"
requires_python = ">=3.7"
summary = "Composable complex class support for attrs and dataclasses."
dependencies = [
    "attrs>=20",
]
files = [
    {file = "cattrs-23.1.2-py3-none-any.whl", hash = "sha256:b2bb14311ac17bed0d58785e5a60f022e5431aca3932e3fc5cc8ed8639de50a4"},
    {file = "cattrs-23.1.2.tar.gz", hash = "sha256:db1c821b8c537382b2c7c66678c3790091ca0275ac486c76f3c8f3920e83c657"},
]

[[package]]
name = "docstring-to-markdown"
version = "0.12"
requires_python = ">=3.6"
summary = "On the fly conversion of Python docstrings to markdown"
files = [
    {file = "docstring-to-markdown-0.12.tar.gz", hash = "sha256:40004224b412bd6f64c0f3b85bb357a41341afd66c4b4896709efa56827fb2bb"},
    {file = "docstring_to_markdown-0.12-py3-none-any.whl", hash = "sha256:7df6311a887dccf9e770f51242ec002b19f0591994c4783be49d24cdc1df3737"},
]

[[package]]
name = "jedi"
version = "0.19.1"
requires_python = ">=3.6"
summary = "An autocompletion tool for Python that can be used for text editors."
dependencies = [
    "parso<0.9.0,>=0.8.3",
]
files = [
    {file = "jedi-0.19.1-py2.py3-none-any.whl", hash = "sha256:e983c654fe5c02867aef4cdfce5a2fbb4a50adc0af145f70504238f18ef5e7e0"},
    {file = "jedi-0.19.1.tar.gz", hash = "sha256:cf0496f3651bc65d7174ac1b7d043eff454892c708a87d1b683e57b569927ffd"},
]

[[package]]
name = "jedi-language-server"
version = "0.41.1"
requires_python = ">=3.8,<4.0"
summary = "A language server for Jedi!"
dependencies = [
    "cattrs>=23.1.2",
    "docstring-to-markdown==0.*",
    "jedi<0.20.0,>=0.19.0",
    "lsprotocol>=2022.0.0a9",
    "pygls<2.0.0,>=1.0.1",
]
files = [
    {file = "jedi_language_server-0.41.1-py3-none-any.whl", hash = "sha256:ca9b3e7f48b70f0988d85ffde4f01dd1ab94c8e0f69e8c6424e6657117b44f91"},
    {file = "jedi_language_server-0.41.1.tar.gz", hash = "sha256:3f15ca5cc28e728564f7d63583e171b418025582447ce023512e3f2b2d71ebae"},
]

[[package]]
name = "jinja2"
version = "3.1.2"
requires_python = ">=3.7"
summary = "A very fast and expressive template engine."
dependencies = [
    "MarkupSafe>=2.0",
]
files = [
    {file = "Jinja2-3.1.2-py3-none-any.whl", hash = "sha256:6088930bfe239f0e6710546ab9c19c9ef35e29792895fed6e6e31a023a182a61"},
    {file = "Jinja2-3.1.2.tar.gz", hash = "sha256:31351a702a408a9e7595a8fc6150fc3f43bb6bf7e319770cbc0db9df9437e852"},
]

[[package]]
name = "libvirt-python"
version = "9.8.0"
requires_python = ">=3.6"
summary = "The libvirt virtualization API python binding"
files = [
    {file = "libvirt-python-9.8.0.tar.gz", hash = "sha256:4069ecb226eab1b810728ef62a9c993a592b2258b0ff489937addd560020a5f1"},
]

[[package]]
name = "lsprotocol"
version = "2023.0.0b1"
requires_python = ">=3.7"
summary = "Python implementation of the Language Server Protocol."
dependencies = [
    "attrs>=21.3.0",
    "cattrs",
]
files = [
    {file = "lsprotocol-2023.0.0b1-py3-none-any.whl", hash = "sha256:ade2cd0fa0ede7965698cb59cd05d3adbd19178fd73e83f72ef57a032fbb9d62"},
    {file = "lsprotocol-2023.0.0b1.tar.gz", hash = "sha256:f7a2d4655cbd5639f373ddd1789807450c543341fa0a32b064ad30dbb9f510d4"},
]

[[package]]
name = "markupsafe"
version = "2.1.3"
requires_python = ">=3.7"
summary = "Safely add untrusted strings to HTML/XML markup."
files = [
    {file = "MarkupSafe-2.1.3-cp311-cp311-macosx_10_9_universal2.whl", hash = "sha256:ad9e82fb8f09ade1c3e1b996a6337afac2b8b9e365f926f5a61aacc71adc5b3c"},
    {file = "MarkupSafe-2.1.3-cp311-cp311-macosx_10_9_x86_64.whl", hash = "sha256:3c0fae6c3be832a0a0473ac912810b2877c8cb9d76ca48de1ed31e1c68386575"},
    {file = "MarkupSafe-2.1.3-cp311-cp311-manylinux_2_17_aarch64.manylinux2014_aarch64.whl", hash = "sha256:b076b6226fb84157e3f7c971a47ff3a679d837cf338547532ab866c57930dbee"},
    {file = "MarkupSafe-2.1.3-cp311-cp311-manylinux_2_17_x86_64.manylinux2014_x86_64.whl", hash = "sha256:bfce63a9e7834b12b87c64d6b155fdd9b3b96191b6bd334bf37db7ff1fe457f2"},
    {file = "MarkupSafe-2.1.3-cp311-cp311-manylinux_2_5_i686.manylinux1_i686.manylinux_2_17_i686.manylinux2014_i686.whl", hash = "sha256:338ae27d6b8745585f87218a3f23f1512dbf52c26c28e322dbe54bcede54ccb9"},
    {file = "MarkupSafe-2.1.3-cp311-cp311-musllinux_1_1_aarch64.whl", hash = "sha256:e4dd52d80b8c83fdce44e12478ad2e85c64ea965e75d66dbeafb0a3e77308fcc"},
    {file = "MarkupSafe-2.1.3-cp311-cp311-musllinux_1_1_i686.whl", hash = "sha256:df0be2b576a7abbf737b1575f048c23fb1d769f267ec4358296f31c2479db8f9"},
    {file = "MarkupSafe-2.1.3-cp311-cp311-musllinux_1_1_x86_64.whl", hash = "sha256:5bbe06f8eeafd38e5d0a4894ffec89378b6c6a625ff57e3028921f8ff59318ac"},
    {file = "MarkupSafe-2.1.3-cp311-cp311-win32.whl", hash = "sha256:dd15ff04ffd7e05ffcb7fe79f1b98041b8ea30ae9234aed2a9168b5797c3effb"},
    {file = "MarkupSafe-2.1.3-cp311-cp311-win_amd64.whl", hash = "sha256:134da1eca9ec0ae528110ccc9e48041e0828d79f24121a1a146161103c76e686"},
    {file = "MarkupSafe-2.1.3-cp312-cp312-macosx_10_9_universal2.whl", hash = "sha256:f698de3fd0c4e6972b92290a45bd9b1536bffe8c6759c62471efaa8acb4c37bc"},
    {file = "MarkupSafe-2.1.3-cp312-cp312-macosx_10_9_x86_64.whl", hash = "sha256:aa57bd9cf8ae831a362185ee444e15a93ecb2e344c8e52e4d721ea3ab6ef1823"},
    {file = "MarkupSafe-2.1.3-cp312-cp312-manylinux_2_17_aarch64.manylinux2014_aarch64.whl", hash = "sha256:ffcc3f7c66b5f5b7931a5aa68fc9cecc51e685ef90282f4a82f0f5e9b704ad11"},
    {file = "MarkupSafe-2.1.3-cp312-cp312-manylinux_2_17_x86_64.manylinux2014_x86_64.whl", hash = "sha256:47d4f1c5f80fc62fdd7777d0d40a2e9dda0a05883ab11374334f6c4de38adffd"},
    {file = "MarkupSafe-2.1.3-cp312-cp312-manylinux_2_5_i686.manylinux1_i686.manylinux_2_17_i686.manylinux2014_i686.whl", hash = "sha256:1f67c7038d560d92149c060157d623c542173016c4babc0c1913cca0564b9939"},
    {file = "MarkupSafe-2.1.3-cp312-cp312-musllinux_1_1_aarch64.whl", hash = "sha256:9aad3c1755095ce347e26488214ef77e0485a3c34a50c5a5e2471dff60b9dd9c"},
    {file = "MarkupSafe-2.1.3-cp312-cp312-musllinux_1_1_i686.whl", hash = "sha256:14ff806850827afd6b07a5f32bd917fb7f45b046ba40c57abdb636674a8b559c"},
    {file = "MarkupSafe-2.1.3-cp312-cp312-musllinux_1_1_x86_64.whl", hash = "sha256:8f9293864fe09b8149f0cc42ce56e3f0e54de883a9de90cd427f191c346eb2e1"},
    {file = "MarkupSafe-2.1.3-cp312-cp312-win32.whl", hash = "sha256:715d3562f79d540f251b99ebd6d8baa547118974341db04f5ad06d5ea3eb8007"},
    {file = "MarkupSafe-2.1.3-cp312-cp312-win_amd64.whl", hash = "sha256:1b8dd8c3fd14349433c79fa8abeb573a55fc0fdd769133baac1f5e07abf54aeb"},
    {file = "MarkupSafe-2.1.3.tar.gz", hash = "sha256:af598ed32d6ae86f1b747b82783958b1a4ab8f617b06fe68795c7f026abbdcad"},
]

[[package]]
name = "mypy"
version = "1.6.0"
requires_python = ">=3.8"
summary = "Optional static typing for Python"
dependencies = [
    "mypy-extensions>=1.0.0",
    "typing-extensions>=4.1.0",
]
files = [
    {file = "mypy-1.6.0-cp311-cp311-macosx_10_9_x86_64.whl", hash = "sha256:3c8835a07b8442da900db47ccfda76c92c69c3a575872a5b764332c4bacb5a0a"},
    {file = "mypy-1.6.0-cp311-cp311-macosx_11_0_arm64.whl", hash = "sha256:24f3de8b9e7021cd794ad9dfbf2e9fe3f069ff5e28cb57af6f873ffec1cb0425"},
    {file = "mypy-1.6.0-cp311-cp311-manylinux_2_17_x86_64.manylinux2014_x86_64.whl", hash = "sha256:856bad61ebc7d21dbc019b719e98303dc6256cec6dcc9ebb0b214b81d6901bd8"},
    {file = "mypy-1.6.0-cp311-cp311-musllinux_1_1_x86_64.whl", hash = "sha256:89513ddfda06b5c8ebd64f026d20a61ef264e89125dc82633f3c34eeb50e7d60"},
    {file = "mypy-1.6.0-cp311-cp311-win_amd64.whl", hash = "sha256:9f8464ed410ada641c29f5de3e6716cbdd4f460b31cf755b2af52f2d5ea79ead"},
    {file = "mypy-1.6.0-cp312-cp312-macosx_10_9_x86_64.whl", hash = "sha256:971104bcb180e4fed0d7bd85504c9036346ab44b7416c75dd93b5c8c6bb7e28f"},
    {file = "mypy-1.6.0-cp312-cp312-macosx_11_0_arm64.whl", hash = "sha256:ab98b8f6fdf669711f3abe83a745f67f50e3cbaea3998b90e8608d2b459fd566"},
    {file = "mypy-1.6.0-cp312-cp312-manylinux_2_17_x86_64.manylinux2014_x86_64.whl", hash = "sha256:1a69db3018b87b3e6e9dd28970f983ea6c933800c9edf8c503c3135b3274d5ad"},
    {file = "mypy-1.6.0-cp312-cp312-musllinux_1_1_x86_64.whl", hash = "sha256:dccd850a2e3863891871c9e16c54c742dba5470f5120ffed8152956e9e0a5e13"},
    {file = "mypy-1.6.0-cp312-cp312-win_amd64.whl", hash = "sha256:f8598307150b5722854f035d2e70a1ad9cc3c72d392c34fffd8c66d888c90f17"},
    {file = "mypy-1.6.0-py3-none-any.whl", hash = "sha256:9e1589ca150a51d9d00bb839bfeca2f7a04f32cd62fad87a847bc0818e15d7dc"},
    {file = "mypy-1.6.0.tar.gz", hash = "sha256:4f3d27537abde1be6d5f2c96c29a454da333a2a271ae7d5bc7110e6d4b7beb3f"},
]

[[package]]
name = "mypy-extensions"
version = "1.0.0"
requires_python = ">=3.5"
summary = "Type system extensions for programs checked with the mypy type checker."
files = [
    {file = "mypy_extensions-1.0.0-py3-none-any.whl", hash = "sha256:4392f6c0eb8a5668a69e23d168ffa70f0be9ccfd32b5cc2d26a34ae5b844552d"},
    {file = "mypy_extensions-1.0.0.tar.gz", hash = "sha256:75dbf8955dc00442a438fc4d0666508a9a97b6bd41aa2f0ffe9d2f2725af0782"},
]

[[package]]
name = "parso"
version = "0.8.3"
requires_python = ">=3.6"
summary = "A Python Parser"
files = [
    {file = "parso-0.8.3-py2.py3-none-any.whl", hash = "sha256:c001d4636cd3aecdaf33cbb40aebb59b094be2a74c556778ef5576c175e19e75"},
    {file = "parso-0.8.3.tar.gz", hash = "sha256:8c07be290bb59f03588915921e29e8a50002acaf2cdc5fa0e0114f91709fafa0"},
]

[[package]]
name = "passlib"
version = "1.7.4"
summary = "comprehensive password hashing framework supporting over 30 schemes"
files = [
    {file = "passlib-1.7.4-py2.py3-none-any.whl", hash = "sha256:aa6bca462b8d8bda89c70b382f0c298a20b5560af6cbfa2dce410c0a2fb669f1"},
    {file = "passlib-1.7.4.tar.gz", hash = "sha256:defd50f72b65c5402ab2c573830a6978e5f202ad0d984793c8dde2c4152ebe04"},
]

[[package]]
name = "pygls"
version = "1.1.1"
requires_python = ">=3.7.9,<4"
summary = "A pythonic generic language server (pronounced like 'pie glass')"
dependencies = [
    "lsprotocol==2023.0.0b1",
    "typeguard<4.0.0,>=3.0.0",
]
files = [
    {file = "pygls-1.1.1-py3-none-any.whl", hash = "sha256:330704551a335b443bf1cdfb0507f121608591095898d451f0007eeb1510067c"},
    {file = "pygls-1.1.1.tar.gz", hash = "sha256:b1b4ddd6f800a5573f61f0ec2cd3bc7a859d171f48142b46e1de35a1357c00fe"},
]

[[package]]
name = "pyyaml"
version = "6.0.1"
requires_python = ">=3.6"
summary = "YAML parser and emitter for Python"
files = [
    {file = "PyYAML-6.0.1-cp311-cp311-macosx_10_9_x86_64.whl", hash = "sha256:6965a7bc3cf88e5a1c3bd2e0b5c22f8d677dc88a455344035f03399034eb3007"},
    {file = "PyYAML-6.0.1-cp311-cp311-macosx_11_0_arm64.whl", hash = "sha256:f003ed9ad21d6a4713f0a9b5a7a0a79e08dd0f221aff4525a2be4c346ee60aab"},
    {file = "PyYAML-6.0.1-cp311-cp311-manylinux_2_17_aarch64.manylinux2014_aarch64.whl", hash = "sha256:42f8152b8dbc4fe7d96729ec2b99c7097d656dc1213a3229ca5383f973a5ed6d"},
    {file = "PyYAML-6.0.1-cp311-cp311-manylinux_2_17_s390x.manylinux2014_s390x.whl", hash = "sha256:062582fca9fabdd2c8b54a3ef1c978d786e0f6b3a1510e0ac93ef59e0ddae2bc"},
    {file = "PyYAML-6.0.1-cp311-cp311-manylinux_2_17_x86_64.manylinux2014_x86_64.whl", hash = "sha256:d2b04aac4d386b172d5b9692e2d2da8de7bfb6c387fa4f801fbf6fb2e6ba4673"},
    {file = "PyYAML-6.0.1-cp311-cp311-musllinux_1_1_x86_64.whl", hash = "sha256:e7d73685e87afe9f3b36c799222440d6cf362062f78be1013661b00c5c6f678b"},
    {file = "PyYAML-6.0.1-cp311-cp311-win32.whl", hash = "sha256:1635fd110e8d85d55237ab316b5b011de701ea0f29d07611174a1b42f1444741"},
    {file = "PyYAML-6.0.1-cp311-cp311-win_amd64.whl", hash = "sha256:bf07ee2fef7014951eeb99f56f39c9bb4af143d8aa3c21b1677805985307da34"},
    {file = "PyYAML-6.0.1-cp312-cp312-macosx_10_9_x86_64.whl", hash = "sha256:855fb52b0dc35af121542a76b9a84f8d1cd886ea97c84703eaa6d88e37a2ad28"},
    {file = "PyYAML-6.0.1-cp312-cp312-macosx_11_0_arm64.whl", hash = "sha256:40df9b996c2b73138957fe23a16a4f0ba614f4c0efce1e9406a184b6d07fa3a9"},
    {file = "PyYAML-6.0.1-cp312-cp312-manylinux_2_17_x86_64.manylinux2014_x86_64.whl", hash = "sha256:6c22bec3fbe2524cde73d7ada88f6566758a8f7227bfbf93a408a9d86bcc12a0"},
    {file = "PyYAML-6.0.1-cp312-cp312-musllinux_1_1_x86_64.whl", hash = "sha256:8d4e9c88387b0f5c7d5f281e55304de64cf7f9c0021a3525bd3b1c542da3b0e4"},
    {file = "PyYAML-6.0.1-cp312-cp312-win32.whl", hash = "sha256:d483d2cdf104e7c9fa60c544d92981f12ad66a457afae824d146093b8c294c54"},
    {file = "PyYAML-6.0.1-cp312-cp312-win_amd64.whl", hash = "sha256:0d3304d8c0adc42be59c5f8a4d9e3d7379e6955ad754aa9d6ab7a398b59dd1df"},
    {file = "PyYAML-6.0.1.tar.gz", hash = "sha256:bfdf460b1736c775f2ba9f6a92bca30bc2095067b8a9d77876d1fad6cc3b4a43"},
]

[[package]]
name = "qemu-qmp"
version = "0.0.3"
requires_python = ">=3.7"
summary = "QEMU Monitor Protocol library"
files = [
    {file = "qemu.qmp-0.0.3-py3-none-any.whl", hash = "sha256:9abf451e22c0964580135aef7e2b95c5da0bf63c692426da24fc38b56ff0ac8e"},
    {file = "qemu.qmp-0.0.3.tar.gz", hash = "sha256:cbc88fbcc115ee943d84447d172c642da120220451416c2f621acf33df1e1010"},
]

[[package]]
name = "typeguard"
version = "3.0.2"
requires_python = ">=3.7.4"
summary = "Run-time type checker for Python"
files = [
    {file = "typeguard-3.0.2-py3-none-any.whl", hash = "sha256:bbe993854385284ab42fd5bd3bee6f6556577ce8b50696d6cb956d704f286c8e"},
    {file = "typeguard-3.0.2.tar.gz", hash = "sha256:fee5297fdb28f8e9efcb8142b5ee219e02375509cd77ea9d270b5af826358d5a"},
]

[[package]]
name = "typing-extensions"
version = "4.8.0"
requires_python = ">=3.8"
summary = "Backported and Experimental Type Hints for Python 3.8+"
files = [
    {file = "typing_extensions-4.8.0-py3-none-any.whl", hash = "sha256:8f92fc8806f9a6b641eaa5318da32b44d401efaac0f6678c9bc448ba3605faa0"},
    {file = "typing_extensions-4.8.0.tar.gz", hash = "sha256:df8e4339e9cb77357558cbdbceca33c303714cf861d1eef15e1070055ae8b7ef"},
]
