# This file is @generated by PDM.
# It is not intended for manual editing.

[metadata]
groups = ["default"]
cross_platform = true
static_urls = false
lock_version = "4.3"
content_hash = "sha256:a3a2cbfaafb139966fbd43686483a20032c59de74031b2a1d6111b1eb42feb8e"

[[package]]
name = "libvirt-python"
version = "9.8.0"
requires_python = ">=3.6"
summary = "The libvirt virtualization API python binding"
files = [
    {file = "libvirt-python-9.8.0.tar.gz", hash = "sha256:4069ecb226eab1b810728ef62a9c993a592b2258b0ff489937addd560020a5f1"},
]
