# This file is @generated by PDM.
# It is not intended for manual editing.

[metadata]
groups = ["default"]
cross_platform = true
static_urls = false
lock_version = "4.3"
content_hash = "sha256:41f4bb2dca2eeab7f2b557850e59abb3b22c08387e45b4cc3a7151ba5b1b317b"

[[package]]
name = "dmglib"
version = "0.9.4"
summary = "Work with macOS DMG disk images"
files = [
    {file = "dmglib-0.9.4-py3-none-any.whl", hash = "sha256:348149bb3df5689df90d16ec477b0c50314b7806e78b10bdbf3917be932c9379"},
    {file = "dmglib-0.9.4.tar.gz", hash = "sha256:bb1e1083ab9b7e3ae1b1dee73d75c087ad6d2c8415dadd522869a5feb0ea9396"},
]

[[package]]
name = "python-libarchive"
version = "4.2.1"
summary = "A libarchive wrapper for Python supporting password protection."
files = [
    {file = "python-libarchive-4.2.1.tar.gz", hash = "sha256:966c40723dcb2ea4a38b29b0d4b130ad0961b9142314528edd7fceff44e8ad3f"},
    {file = "python_libarchive-4.2.1-cp311-cp311-manylinux_2_17_i686.manylinux2014_i686.whl", hash = "sha256:10baa7763b6a6360400fb80012683e6066cfba63846cd077268c58c93f190f95"},
    {file = "python_libarchive-4.2.1-cp311-cp311-manylinux_2_17_x86_64.manylinux2014_x86_64.whl", hash = "sha256:23188e7b97a313e0eeb071a8b94c9d902603c05388d6a4ee9da27b92cd8d91d7"},
    {file = "python_libarchive-4.2.1-cp311-cp311-musllinux_1_1_i686.whl", hash = "sha256:742ac08c9572bddafa87601efbc32b2c9a48fcd15f1936fb2813b37d2d96c645"},
    {file = "python_libarchive-4.2.1-cp311-cp311-musllinux_1_1_x86_64.whl", hash = "sha256:177185bb63d867fea65191a3fc6d730527de81a78cecc7c8db9531c5102ff9c4"},
    {file = "python_libarchive-4.2.1-pp37-pypy37_pp73-manylinux_2_17_i686.manylinux2014_i686.whl", hash = "sha256:5770d7cb8d2b549870c71bebd8d3af7d00d003913b15193f1d7d52d1e18ee8a0"},
    {file = "python_libarchive-4.2.1-pp37-pypy37_pp73-manylinux_2_17_x86_64.manylinux2014_x86_64.whl", hash = "sha256:c0c747238dc38b78993bc0539e8273bb51c9e334f9f2f7b0cbfe4568fa3d1ce7"},
    {file = "python_libarchive-4.2.1-pp38-pypy38_pp73-manylinux_2_17_i686.manylinux2014_i686.whl", hash = "sha256:1dc3ace1570878b459ab51ed83a6d558923c15ca3fa1a9a6c5ec9bf87bce4ca6"},
    {file = "python_libarchive-4.2.1-pp38-pypy38_pp73-manylinux_2_17_x86_64.manylinux2014_x86_64.whl", hash = "sha256:2cc1ce22b62f46912368d110b61d88a1ca5b958e4a3d648202463aa7e9303de4"},
    {file = "python_libarchive-4.2.1-pp39-pypy39_pp73-manylinux_2_17_i686.manylinux2014_i686.whl", hash = "sha256:3bbc38afa283510ee99823b90b4c4c59de8df22a481e0707bbc8bb96017e5a2f"},
    {file = "python_libarchive-4.2.1-pp39-pypy39_pp73-manylinux_2_17_x86_64.manylinux2014_x86_64.whl", hash = "sha256:4ddd285fc76b69f29be6974b4858d46249d45ee49d0e42ebc9443ff1d6a46fd2"},
]

[[package]]
name = "pyzstd"
version = "0.15.9"
requires_python = ">=3.5"
summary = "Python bindings to Zstandard (zstd) compression library, the API style is similar to Python's bz2/lzma/zlib modules."
files = [
    {file = "pyzstd-0.15.9-cp311-cp311-macosx_10_9_x86_64.whl", hash = "sha256:afef9eb882cf3b395eef9c85b737a4acd09528975e6a5d9faedf28874ca65f52"},
    {file = "pyzstd-0.15.9-cp311-cp311-macosx_11_0_arm64.whl", hash = "sha256:d44a7d4586f02b630658298c089ff755e74d0677b93c71e09d33dd35bdd4987a"},
    {file = "pyzstd-0.15.9-cp311-cp311-manylinux_2_17_aarch64.manylinux2014_aarch64.whl", hash = "sha256:1cbf212253abd65e6451acdfb608adafe98ad8f05462fb9a054ddab816545caa"},
    {file = "pyzstd-0.15.9-cp311-cp311-manylinux_2_17_ppc64le.manylinux2014_ppc64le.whl", hash = "sha256:5819d502dacd54114c30bc24efcb76e723b93f8f528be70851056a396a792c46"},
    {file = "pyzstd-0.15.9-cp311-cp311-manylinux_2_17_s390x.manylinux2014_s390x.whl", hash = "sha256:50ccbaafee80b4f1c5c55bbe07f80871b9b8fe3499bf7357dde2c23fb1c2ac0e"},
    {file = "pyzstd-0.15.9-cp311-cp311-manylinux_2_17_x86_64.manylinux2014_x86_64.whl", hash = "sha256:7c420878726d677da7484f6021dbe7e1f9345a791b155de632c6ce36678fb621"},
    {file = "pyzstd-0.15.9-cp311-cp311-manylinux_2_5_i686.manylinux1_i686.manylinux_2_17_i686.manylinux2014_i686.whl", hash = "sha256:14121a4d95070f54bdc9a80dab1dd8fd9093907a1e687926447ca69b5b40a4d5"},
    {file = "pyzstd-0.15.9-cp311-cp311-musllinux_1_1_aarch64.whl", hash = "sha256:00c188704141c709da96cc4a79f058d51f5318e839d6f904c7cc9badcf78e98e"},
    {file = "pyzstd-0.15.9-cp311-cp311-musllinux_1_1_i686.whl", hash = "sha256:836f1d85a4b5d3689d455aeb1dc6c42acb96aaf8e5282825c00ccf2545ad5630"},
    {file = "pyzstd-0.15.9-cp311-cp311-musllinux_1_1_ppc64le.whl", hash = "sha256:91453ce9476363d777b2ea2e9c6dccecd2073cf35697e048de2e8d47e1f36c7c"},
    {file = "pyzstd-0.15.9-cp311-cp311-musllinux_1_1_s390x.whl", hash = "sha256:c249741b10eb714578d765487b767e0e7fcc2ac84a299209a6073566e730dbea"},
    {file = "pyzstd-0.15.9-cp311-cp311-musllinux_1_1_x86_64.whl", hash = "sha256:542808d88464d538f5d2c6b48b545a7fe15f0d20c7fa703b469d039a08c9fa10"},
    {file = "pyzstd-0.15.9-cp311-cp311-win32.whl", hash = "sha256:e79babb67b415aa54abb213897ceaa011515a5f3e146a2a97f4e6486b9743af4"},
    {file = "pyzstd-0.15.9-cp311-cp311-win_amd64.whl", hash = "sha256:ef3399e0544b46d31c2a8ff14ae1fb3c3571ae1153bbbc5ddf0d242c67bde624"},
    {file = "pyzstd-0.15.9-pp310-pypy310_pp73-macosx_10_9_x86_64.whl", hash = "sha256:c9589cb79d4e401630481755c92b072aa7ba5505ec81dec865ef43932ec037e4"},
    {file = "pyzstd-0.15.9-pp310-pypy310_pp73-manylinux_2_17_aarch64.manylinux2014_aarch64.whl", hash = "sha256:3a26df749589d898cd3253d2139eb85b867ddffc49286059c8bdb3cb9ce9b545"},
    {file = "pyzstd-0.15.9-pp310-pypy310_pp73-manylinux_2_17_x86_64.manylinux2014_x86_64.whl", hash = "sha256:e9934277abdddf9c733267e4dcc4886de8a3302d28f390237d447e215e8ce47d"},
    {file = "pyzstd-0.15.9-pp310-pypy310_pp73-manylinux_2_5_i686.manylinux1_i686.manylinux_2_17_i686.manylinux2014_i686.whl", hash = "sha256:ca19213785f864781848e0216cba07e97f563f60a50bbc7885b54461d8c64873"},
    {file = "pyzstd-0.15.9-pp310-pypy310_pp73-win_amd64.whl", hash = "sha256:84aa6eecba967bdac167451501dcaceec548d8b8c4ca7fa41ceda4dbfc279297"},
    {file = "pyzstd-0.15.9-pp37-pypy37_pp73-macosx_10_9_x86_64.whl", hash = "sha256:47c2a4c319300c381f194274203f47b12c433e1fd86b90ecdc7fb258c630f93b"},
    {file = "pyzstd-0.15.9-pp37-pypy37_pp73-manylinux_2_17_aarch64.manylinux2014_aarch64.whl", hash = "sha256:86e0e65e205793b337d62d9764700dfd02b5f83b01e26ad345736e7ac0554ebd"},
    {file = "pyzstd-0.15.9-pp37-pypy37_pp73-manylinux_2_17_x86_64.manylinux2014_x86_64.whl", hash = "sha256:64564f4c175c5bb8e744de5816d69ee0b940e472160a5e665f30adc412b694f3"},
    {file = "pyzstd-0.15.9-pp37-pypy37_pp73-manylinux_2_5_i686.manylinux1_i686.manylinux_2_17_i686.manylinux2014_i686.whl", hash = "sha256:dca286c6c1ca5febf13f5f2ae7e8aa7536e49bd07f4232796651a43ff741ceca"},
    {file = "pyzstd-0.15.9-pp37-pypy37_pp73-manylinux_2_5_x86_64.manylinux1_x86_64.manylinux_2_12_x86_64.manylinux2010_x86_64.whl", hash = "sha256:a594795ef89bd83297c860ff585f2d25580ce9805eb9cc44c831d311e7f1951a"},
    {file = "pyzstd-0.15.9-pp37-pypy37_pp73-win_amd64.whl", hash = "sha256:4a0dcb32ac4d1d67a77ae6a2d60ea0921af7e682b3427202d8acb8e86642391c"},
    {file = "pyzstd-0.15.9-pp38-pypy38_pp73-macosx_10_9_x86_64.whl", hash = "sha256:a90b901ccfd24b028faea19c927ff03f3cfefe82ba0b931fbb8da4ef0664911b"},
    {file = "pyzstd-0.15.9-pp38-pypy38_pp73-manylinux_2_17_aarch64.manylinux2014_aarch64.whl", hash = "sha256:31f60f01884350aec24e7a68f3ad089151b7a636490203c41a1a7c8e0cddd9b8"},
    {file = "pyzstd-0.15.9-pp38-pypy38_pp73-manylinux_2_17_x86_64.manylinux2014_x86_64.whl", hash = "sha256:f1d8b58f00137ccbe8b828a5ede92be3f0115cef75e6bed88d4d0bd1e7a0b1fc"},
    {file = "pyzstd-0.15.9-pp38-pypy38_pp73-manylinux_2_5_i686.manylinux1_i686.manylinux_2_17_i686.manylinux2014_i686.whl", hash = "sha256:c2b093a74b10232c70b5d29814fcee6544bb6f30e2d922d26db9ab4b4cd00c04"},
    {file = "pyzstd-0.15.9-pp38-pypy38_pp73-manylinux_2_5_x86_64.manylinux1_x86_64.manylinux_2_12_x86_64.manylinux2010_x86_64.whl", hash = "sha256:1dbe76b6d8fe75f6dbec24793fc07b1d1ae9464de9941138d5b9668f7670e6b0"},
    {file = "pyzstd-0.15.9-pp38-pypy38_pp73-win_amd64.whl", hash = "sha256:6b9af8d62c087354abd071e01d9445ea51b31779c8a4a0d5c14ee12caee3d18f"},
    {file = "pyzstd-0.15.9-pp39-pypy39_pp73-macosx_10_9_x86_64.whl", hash = "sha256:a4f786f1b1ab39a0908db04ebe5b2c7cbc6f1ce07a27d3a12eb980bffd7fea7d"},
    {file = "pyzstd-0.15.9-pp39-pypy39_pp73-manylinux_2_17_aarch64.manylinux2014_aarch64.whl", hash = "sha256:cffaab46f9e04856dc3daa6097bfb3d3bea0b1771237e869c57b13f3dcc2c238"},
    {file = "pyzstd-0.15.9-pp39-pypy39_pp73-manylinux_2_17_x86_64.manylinux2014_x86_64.whl", hash = "sha256:0a4334e972109bdd17fb40dbdd9fcca6137648cab416fca505a2dcd186f50533"},
    {file = "pyzstd-0.15.9-pp39-pypy39_pp73-manylinux_2_5_i686.manylinux1_i686.manylinux_2_17_i686.manylinux2014_i686.whl", hash = "sha256:73877eebbdcb8259cf0099665f8c8274d4273b361371405a611fb6bd9f4d64f6"},
    {file = "pyzstd-0.15.9-pp39-pypy39_pp73-win_amd64.whl", hash = "sha256:289e25871fe232d2482c0985a75a1faa7c92e10a6c3e3914d165f62d005d0aa6"},
    {file = "pyzstd-0.15.9.tar.gz", hash = "sha256:cbfdde6c5768ffa5d2f14127bbc1d7c3c2d03c0ceaeb0736946197e06275ccc7"},
]
